
Microsoft Visual Studio Solution File, Format Version 12.00
# Visual Studio 15
VisualStudioVersion = 15.0.28307.168
MinimumVisualStudioVersion = 10.0.40219.1
Project("{FAE04EC0-301F-11D3-BF4B-00C04F79EFBC}") = "WOC_Core", "WOC_Core\WOC_Core.csproj", "{0C336064-8B9C-4289-B08A-1911317EF02E}"
EndProject
Project("{FAE04EC0-301F-11D3-BF4B-00C04F79EFBC}") = "NetworkClientPlayground", "NetworkClientPlayground\NetworkClientPlayground.csproj", "{131BB178-B0B2-4453-A8D8-00AA99751DD7}"
EndProject
Project("{FAE04EC0-301F-11D3-BF4B-00C04F79EFBC}") = "BattlePlayground", "BattlePlayground\BattlePlayground.csproj", "{407D3FEA-F535-479B-BA2C-5BFF3109751E}"
EndProject
Project("{FAE04EC0-301F-11D3-BF4B-00C04F79EFBC}") = "WOC_Server", "WOC_Server\WOC_Server.csproj", "{9397293C-BB79-4756-9EB4-1AFA9F37371B}"
EndProject
Global
	GlobalSection(SolutionConfigurationPlatforms) = preSolution
		Debug|Any CPU = Debug|Any CPU
		Release|Any CPU = Release|Any CPU
	EndGlobalSection
	GlobalSection(ProjectConfigurationPlatforms) = postSolution
		{0C336064-8B9C-4289-B08A-1911317EF02E}.Debug|Any CPU.ActiveCfg = Debug|Any CPU
		{0C336064-8B9C-4289-B08A-1911317EF02E}.Debug|Any CPU.Build.0 = Debug|Any CPU
		{0C336064-8B9C-4289-B08A-1911317EF02E}.Release|Any CPU.ActiveCfg = Release|Any CPU
		{0C336064-8B9C-4289-B08A-1911317EF02E}.Release|Any CPU.Build.0 = Release|Any CPU
		{131BB178-B0B2-4453-A8D8-00AA99751DD7}.Debug|Any CPU.ActiveCfg = Debug|Any CPU
		{131BB178-B0B2-4453-A8D8-00AA99751DD7}.Debug|Any CPU.Build.0 = Debug|Any CPU
		{131BB178-B0B2-4453-A8D8-00AA99751DD7}.Release|Any CPU.ActiveCfg = Release|Any CPU
		{131BB178-B0B2-4453-A8D8-00AA99751DD7}.Release|Any CPU.Build.0 = Release|Any CPU
		{407D3FEA-F535-479B-BA2C-5BFF3109751E}.Debug|Any CPU.ActiveCfg = Debug|Any CPU
		{407D3FEA-F535-479B-BA2C-5BFF3109751E}.Debug|Any CPU.Build.0 = Debug|Any CPU
		{407D3FEA-F535-479B-BA2C-5BFF3109751E}.Release|Any CPU.ActiveCfg = Release|Any CPU
		{407D3FEA-F535-479B-BA2C-5BFF3109751E}.Release|Any CPU.Build.0 = Release|Any CPU
		{9397293C-BB79-4756-9EB4-1AFA9F37371B}.Debug|Any CPU.ActiveCfg = Debug|Any CPU
		{9397293C-BB79-4756-9EB4-1AFA9F37371B}.Debug|Any CPU.Build.0 = Debug|Any CPU
		{9397293C-BB79-4756-9EB4-1AFA9F37371B}.Release|Any CPU.ActiveCfg = Release|Any CPU
		{9397293C-BB79-4756-9EB4-1AFA9F37371B}.Release|Any CPU.Build.0 = Release|Any CPU
	EndGlobalSection
	GlobalSection(SolutionProperties) = preSolution
		HideSolutionNode = FALSE
	EndGlobalSection
	GlobalSection(ExtensibilityGlobals) = postSolution
		SolutionGuid = {A7591AC2-1E49-4B57-AF6B-528272FB92F4}
	EndGlobalSection
EndGlobal
