
Microsoft Visual Studio Solution File, Format Version 12.00
# Visual Studio 15
VisualStudioVersion = 15.0.28307.168
MinimumVisualStudioVersion = 10.0.40219.1
Project("{9A19103F-16F7-4668-BE54-9A1E7A4F7556}") = "WOC_Server", "WOC_Server\WOC_Server.csproj", "{866767D5-7E87-47DA-964B-A0540357E42B}"
EndProject
Project("{FAE04EC0-301F-11D3-BF4B-00C04F79EFBC}") = "WOC_Network", "WOC_Network\WOC_Network.csproj", "{A5BB2085-70C2-4F9A-8E32-3B166A27C6A6}"
EndProject
Global
	GlobalSection(SolutionConfigurationPlatforms) = preSolution
		Debug|Any CPU = Debug|Any CPU
		Release|Any CPU = Release|Any CPU
	EndGlobalSection
	GlobalSection(ProjectConfigurationPlatforms) = postSolution
		{866767D5-7E87-47DA-964B-A0540357E42B}.Debug|Any CPU.ActiveCfg = Debug|Any CPU
		{866767D5-7E87-47DA-964B-A0540357E42B}.Debug|Any CPU.Build.0 = Debug|Any CPU
		{866767D5-7E87-47DA-964B-A0540357E42B}.Release|Any CPU.ActiveCfg = Release|Any CPU
		{866767D5-7E87-47DA-964B-A0540357E42B}.Release|Any CPU.Build.0 = Release|Any CPU
		{A5BB2085-70C2-4F9A-8E32-3B166A27C6A6}.Debug|Any CPU.ActiveCfg = Debug|Any CPU
		{A5BB2085-70C2-4F9A-8E32-3B166A27C6A6}.Debug|Any CPU.Build.0 = Debug|Any CPU
		{A5BB2085-70C2-4F9A-8E32-3B166A27C6A6}.Release|Any CPU.ActiveCfg = Release|Any CPU
		{A5BB2085-70C2-4F9A-8E32-3B166A27C6A6}.Release|Any CPU.Build.0 = Release|Any CPU
	EndGlobalSection
	GlobalSection(SolutionProperties) = preSolution
		HideSolutionNode = FALSE
	EndGlobalSection
	GlobalSection(ExtensibilityGlobals) = postSolution
		SolutionGuid = {C3FAC4A8-93F0-4430-9500-0FD346C49877}
	EndGlobalSection
EndGlobal
